
Microsoft Visual Studio Solution File, Format Version 12.00
# Visual Studio 15
VisualStudioVersion = 15.0.28307.421
MinimumVisualStudioVersion = 10.0.40219.1
Project("{FAE04EC0-301F-11D3-BF4B-00C04F79EFBC}") = "BufferOverflow", "BufferOverflow\BufferOverflow.csproj", "{93BB6A3E-C114-416F-B964-8FA1CD23667B}"
EndProject
Project("{FAE04EC0-301F-11D3-BF4B-00C04F79EFBC}") = "DataAccessLayer", "DataAccessLayer\DataAccessLayer.csproj", "{CE669FDF-4835-496C-BBBF-9E6395E630F6}"
EndProject
Project("{FAE04EC0-301F-11D3-BF4B-00C04F79EFBC}") = "BusinessLogicLayer", "BusinessLogicLayer\BusinessLogicLayer.csproj", "{65357171-0B55-4C61-96BA-BC1D1A4882C4}"
EndProject
Project("{FAE04EC0-301F-11D3-BF4B-00C04F79EFBC}") = "SharedLayer", "SharedLayer\SharedLayer.csproj", "{B27C1D3B-749C-4067-ADEE-342CF0F2291F}"
EndProject
Global
	GlobalSection(SolutionConfigurationPlatforms) = preSolution
		Debug|Any CPU = Debug|Any CPU
		Release|Any CPU = Release|Any CPU
	EndGlobalSection
	GlobalSection(ProjectConfigurationPlatforms) = postSolution
		{93BB6A3E-C114-416F-B964-8FA1CD23667B}.Debug|Any CPU.ActiveCfg = Debug|Any CPU
		{93BB6A3E-C114-416F-B964-8FA1CD23667B}.Debug|Any CPU.Build.0 = Debug|Any CPU
		{93BB6A3E-C114-416F-B964-8FA1CD23667B}.Release|Any CPU.ActiveCfg = Release|Any CPU
		{93BB6A3E-C114-416F-B964-8FA1CD23667B}.Release|Any CPU.Build.0 = Release|Any CPU
		{CE669FDF-4835-496C-BBBF-9E6395E630F6}.Debug|Any CPU.ActiveCfg = Debug|Any CPU
		{CE669FDF-4835-496C-BBBF-9E6395E630F6}.Debug|Any CPU.Build.0 = Debug|Any CPU
		{CE669FDF-4835-496C-BBBF-9E6395E630F6}.Release|Any CPU.ActiveCfg = Release|Any CPU
		{CE669FDF-4835-496C-BBBF-9E6395E630F6}.Release|Any CPU.Build.0 = Release|Any CPU
		{65357171-0B55-4C61-96BA-BC1D1A4882C4}.Debug|Any CPU.ActiveCfg = Debug|Any CPU
		{65357171-0B55-4C61-96BA-BC1D1A4882C4}.Debug|Any CPU.Build.0 = Debug|Any CPU
		{65357171-0B55-4C61-96BA-BC1D1A4882C4}.Release|Any CPU.ActiveCfg = Release|Any CPU
		{65357171-0B55-4C61-96BA-BC1D1A4882C4}.Release|Any CPU.Build.0 = Release|Any CPU
		{B27C1D3B-749C-4067-ADEE-342CF0F2291F}.Debug|Any CPU.ActiveCfg = Debug|Any CPU
		{B27C1D3B-749C-4067-ADEE-342CF0F2291F}.Debug|Any CPU.Build.0 = Debug|Any CPU
		{B27C1D3B-749C-4067-ADEE-342CF0F2291F}.Release|Any CPU.ActiveCfg = Release|Any CPU
		{B27C1D3B-749C-4067-ADEE-342CF0F2291F}.Release|Any CPU.Build.0 = Release|Any CPU
	EndGlobalSection
	GlobalSection(SolutionProperties) = preSolution
		HideSolutionNode = FALSE
	EndGlobalSection
	GlobalSection(ExtensibilityGlobals) = postSolution
		SolutionGuid = {AB077950-100C-4E91-8356-4224BE2B2FAC}
	EndGlobalSection
EndGlobal
